{
  "name": "bluemoji",
  "version": "1.0.0",
  "lockfileVersion": 3,
  "requires": true,
  "packages": {
    "": {
      "name": "bluemoji",
      "version": "1.0.0",
      "license": "ISC",
      "workspaces": [
        "facet"
      ],
      "devDependencies": {
        "prettier": "^3.3.3"
      }
    },
    "facet": {
      "name": "@aendra/bluemoji",
      "version": "1.0.0",
      "license": "ISC",
      "dependencies": {
        "@atproto/api": "^0.12.22",
        "@atproto/lexicon": "^0.4.0"
      },
      "devDependencies": {
        "@atproto/lex-cli": "^0.3.2"
      }
    },
    "facet/node_modules/@atproto/common-web": {
      "version": "0.2.4",
      "resolved": "https://registry.npmjs.org/@atproto/common-web/-/common-web-0.2.4.tgz",
      "integrity": "sha512-6+DOhQcTklFmeiSkZRx6iFeqi4OFtGl4yEDGATk00q4tEcPoPvyOBtYHN6+G9lrfJIfx5RfmggamvXlJv1PxxA==",
      "dev": true,
      "dependencies": {
        "graphemer": "^1.4.0",
        "multiformats": "^9.9.0",
        "uint8arrays": "3.0.0",
        "zod": "^3.21.4"
      }
    },
    "facet/node_modules/@atproto/lex-cli": {
      "version": "0.3.2",
      "resolved": "https://registry.npmjs.org/@atproto/lex-cli/-/lex-cli-0.3.2.tgz",
      "integrity": "sha512-jhF7rjy47HHKVUPTe+i5QFYPJoWGJxx6h64kdq6ufcFaXwoiay6K8/tohsMPKky/l0Wk774OL8ZTEuh8mMJ42w==",
      "dev": true,
      "dependencies": {
        "@atproto/lexicon": "^0.3.3",
        "@atproto/syntax": "^0.2.1",
        "chalk": "^5.1.1",
        "commander": "^9.4.0",
        "ts-morph": "^16.0.0",
        "yesno": "^0.4.0",
        "zod": "^3.21.4"
      },
      "bin": {
        "lex": "dist/index.js"
      }
    },
    "facet/node_modules/@atproto/lex-cli/node_modules/@atproto/lexicon": {
      "version": "0.3.3",
      "resolved": "https://registry.npmjs.org/@atproto/lexicon/-/lexicon-0.3.3.tgz",
      "integrity": "sha512-6FOjdc3V05JKrtkhjfhHMS7f/4hMJOeHNtoE3Na7iFMpzBz0Lw5sw8kIFKY8pc8IG79qGcFgELyHLsljZYX+5A==",
      "dev": true,
      "dependencies": {
        "@atproto/common-web": "^0.2.4",
        "@atproto/syntax": "^0.2.1",
        "iso-datestring-validator": "^2.2.2",
        "multiformats": "^9.9.0",
        "zod": "^3.21.4"
      }
    },
    "facet/node_modules/@atproto/syntax": {
      "version": "0.2.1",
      "resolved": "https://registry.npmjs.org/@atproto/syntax/-/syntax-0.2.1.tgz",
      "integrity": "sha512-ImOuiICtB5h78j90hAYOfTYzr5q5Wut0irNdELiogA3i74a8EXThe+j6Tj8snanYggrShbu5c6BDc1tVj477Yw==",
      "dev": true,
      "dependencies": {
        "@atproto/common-web": "^0.2.4"
      }
    },
    "facet/node_modules/chalk": {
      "version": "5.3.0",
      "resolved": "https://registry.npmjs.org/chalk/-/chalk-5.3.0.tgz",
      "integrity": "sha512-dLitG79d+GV1Nb/VYcCDFivJeK1hiukt9QjRNVOsUtTy1rR1YJsmpGGTZ3qJos+uw7WmWF4wUwBd9jxjocFC2w==",
      "dev": true,
      "engines": {
        "node": "^12.17.0 || ^14.13 || >=16.0.0"
      },
      "funding": {
        "url": "https://github.com/chalk/chalk?sponsor=1"
      }
    },
    "node_modules/@aendra/bluemoji": {
      "resolved": "facet",
      "link": true
    },
    "node_modules/@atproto/api": {
      "version": "0.12.24",
      "resolved": "https://registry.npmjs.org/@atproto/api/-/api-0.12.24.tgz",
      "integrity": "sha512-b6vuRd1h2pNCNWrc511k+37FGi2YLDsSsCWcCOJ430cHLPr1DFBHJYIc3wy1biG6AG7Ijkcr2aNDzwjaB0nubA==",
      "dependencies": {
        "@atproto/common-web": "^0.3.0",
        "@atproto/lexicon": "^0.4.0",
        "@atproto/syntax": "^0.3.0",
        "@atproto/xrpc": "^0.5.0",
        "await-lock": "^2.2.2",
        "multiformats": "^9.9.0",
        "tlds": "^1.234.0"
      }
    },
    "node_modules/@atproto/common-web": {
      "version": "0.3.0",
      "resolved": "https://registry.npmjs.org/@atproto/common-web/-/common-web-0.3.0.tgz",
      "integrity": "sha512-67VnV6JJyX+ZWyjV7xFQMypAgDmjVaR9ZCuU/QW+mqlqI7fex2uL4Fv+7/jHadgzhuJHVd6OHOvNn0wR5WZYtA==",
      "dependencies": {
        "graphemer": "^1.4.0",
        "multiformats": "^9.9.0",
        "uint8arrays": "3.0.0",
        "zod": "^3.21.4"
      }
    },
    "node_modules/@atproto/lexicon": {
      "version": "0.4.0",
      "resolved": "https://registry.npmjs.org/@atproto/lexicon/-/lexicon-0.4.0.tgz",
      "integrity": "sha512-RvCBKdSI4M8qWm5uTNz1z3R2yIvIhmOsMuleOj8YR6BwRD+QbtUBy3l+xQ7iXf4M5fdfJFxaUNa6Ty0iRwdKqQ==",
      "dependencies": {
        "@atproto/common-web": "^0.3.0",
        "@atproto/syntax": "^0.3.0",
        "iso-datestring-validator": "^2.2.2",
        "multiformats": "^9.9.0",
        "zod": "^3.21.4"
      }
    },
    "node_modules/@atproto/syntax": {
      "version": "0.3.0",
      "resolved": "https://registry.npmjs.org/@atproto/syntax/-/syntax-0.3.0.tgz",
      "integrity": "sha512-Weq0ZBxffGHDXHl9U7BQc2BFJi/e23AL+k+i5+D9hUq/bzT4yjGsrCejkjq0xt82xXDjmhhvQSZ0LqxyZ5woxA=="
    },
    "node_modules/@atproto/xrpc": {
      "version": "0.5.0",
      "resolved": "https://registry.npmjs.org/@atproto/xrpc/-/xrpc-0.5.0.tgz",
      "integrity": "sha512-swu+wyOLvYW4l3n+VAuJbHcPcES+tin2Lsrp8Bw5aIXIICiuFn1YMFlwK9JwVUzTH21Py1s1nHEjr4CJeElJog==",
      "dependencies": {
        "@atproto/lexicon": "^0.4.0",
        "zod": "^3.21.4"
      }
    },
    "node_modules/@nodelib/fs.scandir": {
      "version": "2.1.5",
      "resolved": "https://registry.npmjs.org/@nodelib/fs.scandir/-/fs.scandir-2.1.5.tgz",
      "integrity": "sha512-vq24Bq3ym5HEQm2NKCr3yXDwjc7vTsEThRDnkp2DK9p1uqLR+DHurm/NOTo0KG7HYHU7eppKZj3MyqYuMBf62g==",
      "dev": true,
      "dependencies": {
        "@nodelib/fs.stat": "2.0.5",
        "run-parallel": "^1.1.9"
      },
      "engines": {
        "node": ">= 8"
      }
    },
    "node_modules/@nodelib/fs.stat": {
      "version": "2.0.5",
      "resolved": "https://registry.npmjs.org/@nodelib/fs.stat/-/fs.stat-2.0.5.tgz",
      "integrity": "sha512-RkhPPp2zrqDAQA/2jNhnztcPAlv64XdhIp7a7454A5ovI7Bukxgt7MX7udwAu3zg1DcpPU0rz3VV1SeaqvY4+A==",
      "dev": true,
      "engines": {
        "node": ">= 8"
      }
    },
    "node_modules/@nodelib/fs.walk": {
      "version": "1.2.8",
      "resolved": "https://registry.npmjs.org/@nodelib/fs.walk/-/fs.walk-1.2.8.tgz",
      "integrity": "sha512-oGB+UxlgWcgQkgwo8GcEGwemoTFt3FIO9ababBmaGwXIoBKZ+GTy0pP185beGg7Llih/NSHSV2XAs1lnznocSg==",
      "dev": true,
      "dependencies": {
        "@nodelib/fs.scandir": "2.1.5",
        "fastq": "^1.6.0"
      },
      "engines": {
        "node": ">= 8"
      }
    },
    "node_modules/@ts-morph/common": {
      "version": "0.17.0",
      "resolved": "https://registry.npmjs.org/@ts-morph/common/-/common-0.17.0.tgz",
      "integrity": "sha512-RMSSvSfs9kb0VzkvQ2NWobwnj7TxCA9vI/IjR9bDHqgAyVbu2T0DN4wiKVqomyDWqO7dPr/tErSfq7urQ1Q37g==",
      "dev": true,
      "dependencies": {
        "fast-glob": "^3.2.11",
        "minimatch": "^5.1.0",
        "mkdirp": "^1.0.4",
        "path-browserify": "^1.0.1"
      }
    },
    "node_modules/await-lock": {
      "version": "2.2.2",
      "resolved": "https://registry.npmjs.org/await-lock/-/await-lock-2.2.2.tgz",
      "integrity": "sha512-aDczADvlvTGajTDjcjpJMqRkOF6Qdz3YbPZm/PyW6tKPkx2hlYBzxMhEywM/tU72HrVZjgl5VCdRuMlA7pZ8Gw=="
    },
    "node_modules/balanced-match": {
      "version": "1.0.2",
      "resolved": "https://registry.npmjs.org/balanced-match/-/balanced-match-1.0.2.tgz",
      "integrity": "sha512-3oSeUO0TMV67hN1AmbXsK4yaqU7tjiHlbxRDZOpH0KW9+CeX4bRAaX0Anxt0tx2MrpRpWwQaPwIlISEJhYU5Pw==",
      "dev": true
    },
    "node_modules/brace-expansion": {
      "version": "2.0.1",
      "resolved": "https://registry.npmjs.org/brace-expansion/-/brace-expansion-2.0.1.tgz",
      "integrity": "sha512-XnAIvQ8eM+kC6aULx6wuQiwVsnzsi9d3WxzV3FpWTGA19F621kwdbsAcFKXgKUHZWsy+mY6iL1sHTxWEFCytDA==",
      "dev": true,
      "dependencies": {
        "balanced-match": "^1.0.0"
      }
    },
    "node_modules/braces": {
      "version": "3.0.3",
      "resolved": "https://registry.npmjs.org/braces/-/braces-3.0.3.tgz",
      "integrity": "sha512-yQbXgO/OSZVD2IsiLlro+7Hf6Q18EJrKSEsdoMzKePKXct3gvD8oLcOQdIzGupr5Fj+EDe8gO/lxc1BzfMpxvA==",
      "dev": true,
      "dependencies": {
        "fill-range": "^7.1.1"
      },
      "engines": {
        "node": ">=8"
      }
    },
    "node_modules/code-block-writer": {
      "version": "11.0.3",
      "resolved": "https://registry.npmjs.org/code-block-writer/-/code-block-writer-11.0.3.tgz",
      "integrity": "sha512-NiujjUFB4SwScJq2bwbYUtXbZhBSlY6vYzm++3Q6oC+U+injTqfPYFK8wS9COOmb2lueqp0ZRB4nK1VYeHgNyw==",
      "dev": true
    },
    "node_modules/commander": {
      "version": "9.5.0",
      "resolved": "https://registry.npmjs.org/commander/-/commander-9.5.0.tgz",
      "integrity": "sha512-KRs7WVDKg86PWiuAqhDrAQnTXZKraVcCc6vFdL14qrZ/DcWwuRo7VoiYXalXO7S5GKpqYiVEwCbgFDfxNHKJBQ==",
      "dev": true,
      "engines": {
        "node": "^12.20.0 || >=14"
      }
    },
    "node_modules/fast-glob": {
      "version": "3.3.2",
      "resolved": "https://registry.npmjs.org/fast-glob/-/fast-glob-3.3.2.tgz",
      "integrity": "sha512-oX2ruAFQwf/Orj8m737Y5adxDQO0LAB7/S5MnxCdTNDd4p6BsyIVsv9JQsATbTSq8KHRpLwIHbVlUNatxd+1Ow==",
      "dev": true,
      "dependencies": {
        "@nodelib/fs.stat": "^2.0.2",
        "@nodelib/fs.walk": "^1.2.3",
        "glob-parent": "^5.1.2",
        "merge2": "^1.3.0",
        "micromatch": "^4.0.4"
      },
      "engines": {
        "node": ">=8.6.0"
      }
    },
    "node_modules/fastq": {
      "version": "1.17.1",
      "resolved": "https://registry.npmjs.org/fastq/-/fastq-1.17.1.tgz",
      "integrity": "sha512-sRVD3lWVIXWg6By68ZN7vho9a1pQcN/WBFaAAsDDFzlJjvoGx0P8z7V1t72grFJfJhu3YPZBuu25f7Kaw2jN1w==",
      "dev": true,
      "dependencies": {
        "reusify": "^1.0.4"
      }
    },
    "node_modules/fill-range": {
      "version": "7.1.1",
      "resolved": "https://registry.npmjs.org/fill-range/-/fill-range-7.1.1.tgz",
      "integrity": "sha512-YsGpe3WHLK8ZYi4tWDg2Jy3ebRz2rXowDxnld4bkQB00cc/1Zw9AWnC0i9ztDJitivtQvaI9KaLyKrc+hBW0yg==",
      "dev": true,
      "dependencies": {
        "to-regex-range": "^5.0.1"
      },
      "engines": {
        "node": ">=8"
      }
    },
    "node_modules/glob-parent": {
      "version": "5.1.2",
      "resolved": "https://registry.npmjs.org/glob-parent/-/glob-parent-5.1.2.tgz",
      "integrity": "sha512-AOIgSQCepiJYwP3ARnGx+5VnTu2HBYdzbGP45eLw1vr3zB3vZLeyed1sC9hnbcOc9/SrMyM5RPQrkGz4aS9Zow==",
      "dev": true,
      "dependencies": {
        "is-glob": "^4.0.1"
      },
      "engines": {
        "node": ">= 6"
      }
    },
    "node_modules/graphemer": {
      "version": "1.4.0",
      "resolved": "https://registry.npmjs.org/graphemer/-/graphemer-1.4.0.tgz",
      "integrity": "sha512-EtKwoO6kxCL9WO5xipiHTZlSzBm7WLT627TqC/uVRd0HKmq8NXyebnNYxDoBi7wt8eTWrUrKXCOVaFq9x1kgag=="
    },
    "node_modules/is-extglob": {
      "version": "2.1.1",
      "resolved": "https://registry.npmjs.org/is-extglob/-/is-extglob-2.1.1.tgz",
      "integrity": "sha512-SbKbANkN603Vi4jEZv49LeVJMn4yGwsbzZworEoyEiutsN3nJYdbO36zfhGJ6QEDpOZIFkDtnq5JRxmvl3jsoQ==",
      "dev": true,
      "engines": {
        "node": ">=0.10.0"
      }
    },
    "node_modules/is-glob": {
      "version": "4.0.3",
      "resolved": "https://registry.npmjs.org/is-glob/-/is-glob-4.0.3.tgz",
      "integrity": "sha512-xelSayHH36ZgE7ZWhli7pW34hNbNl8Ojv5KVmkJD4hBdD3th8Tfk9vYasLM+mXWOZhFkgZfxhLSnrwRr4elSSg==",
      "dev": true,
      "dependencies": {
        "is-extglob": "^2.1.1"
      },
      "engines": {
        "node": ">=0.10.0"
      }
    },
    "node_modules/is-number": {
      "version": "7.0.0",
      "resolved": "https://registry.npmjs.org/is-number/-/is-number-7.0.0.tgz",
      "integrity": "sha512-41Cifkg6e8TylSpdtTpeLVMqvSBEVzTttHvERD741+pnZ8ANv0004MRL43QKPDlK9cGvNp6NZWZUBlbGXYxxng==",
      "dev": true,
      "engines": {
        "node": ">=0.12.0"
      }
    },
    "node_modules/iso-datestring-validator": {
      "version": "2.2.2",
      "resolved": "https://registry.npmjs.org/iso-datestring-validator/-/iso-datestring-validator-2.2.2.tgz",
      "integrity": "sha512-yLEMkBbLZTlVQqOnQ4FiMujR6T4DEcCb1xizmvXS+OxuhwcbtynoosRzdMA69zZCShCNAbi+gJ71FxZBBXx1SA=="
    },
    "node_modules/merge2": {
      "version": "1.4.1",
      "resolved": "https://registry.npmjs.org/merge2/-/merge2-1.4.1.tgz",
      "integrity": "sha512-8q7VEgMJW4J8tcfVPy8g09NcQwZdbwFEqhe/WZkoIzjn/3TGDwtOCYtXGxA3O8tPzpczCCDgv+P2P5y00ZJOOg==",
      "dev": true,
      "engines": {
        "node": ">= 8"
      }
    },
    "node_modules/micromatch": {
      "version": "4.0.7",
      "resolved": "https://registry.npmjs.org/micromatch/-/micromatch-4.0.7.tgz",
      "integrity": "sha512-LPP/3KorzCwBxfeUuZmaR6bG2kdeHSbe0P2tY3FLRU4vYrjYz5hI4QZwV0njUx3jeuKe67YukQ1LSPZBKDqO/Q==",
      "dev": true,
      "dependencies": {
        "braces": "^3.0.3",
        "picomatch": "^2.3.1"
      },
      "engines": {
        "node": ">=8.6"
      }
    },
    "node_modules/minimatch": {
      "version": "5.1.6",
      "resolved": "https://registry.npmjs.org/minimatch/-/minimatch-5.1.6.tgz",
      "integrity": "sha512-lKwV/1brpG6mBUFHtb7NUmtABCb2WZZmm2wNiOA5hAb8VdCS4B3dtMWyvcoViccwAW/COERjXLt0zP1zXUN26g==",
      "dev": true,
      "dependencies": {
        "brace-expansion": "^2.0.1"
      },
      "engines": {
        "node": ">=10"
      }
    },
    "node_modules/mkdirp": {
      "version": "1.0.4",
      "resolved": "https://registry.npmjs.org/mkdirp/-/mkdirp-1.0.4.tgz",
      "integrity": "sha512-vVqVZQyf3WLx2Shd0qJ9xuvqgAyKPLAiqITEtqW0oIUjzo3PePDd6fW9iFz30ef7Ysp/oiWqbhszeGWW2T6Gzw==",
      "dev": true,
      "bin": {
        "mkdirp": "bin/cmd.js"
      },
      "engines": {
        "node": ">=10"
      }
    },
    "node_modules/multiformats": {
      "version": "9.9.0",
      "resolved": "https://registry.npmjs.org/multiformats/-/multiformats-9.9.0.tgz",
      "integrity": "sha512-HoMUjhH9T8DDBNT+6xzkrd9ga/XiBI4xLr58LJACwK6G3HTOPeMz4nB4KJs33L2BelrIJa7P0VuNaVF3hMYfjg=="
    },
    "node_modules/path-browserify": {
      "version": "1.0.1",
      "resolved": "https://registry.npmjs.org/path-browserify/-/path-browserify-1.0.1.tgz",
      "integrity": "sha512-b7uo2UCUOYZcnF/3ID0lulOJi/bafxa1xPe7ZPsammBSpjSWQkjNxlt635YGS2MiR9GjvuXCtz2emr3jbsz98g==",
      "dev": true
    },
    "node_modules/picomatch": {
      "version": "2.3.1",
      "resolved": "https://registry.npmjs.org/picomatch/-/picomatch-2.3.1.tgz",
      "integrity": "sha512-JU3teHTNjmE2VCGFzuY8EXzCDVwEqB2a8fsIvwaStHhAWJEeVd1o1QD80CU6+ZdEXXSLbSsuLwJjkCBWqRQUVA==",
      "dev": true,
      "engines": {
        "node": ">=8.6"
      },
      "funding": {
        "url": "https://github.com/sponsors/jonschlinkert"
      }
    },
    "node_modules/prettier": {
      "version": "3.3.3",
      "resolved": "https://registry.npmjs.org/prettier/-/prettier-3.3.3.tgz",
      "integrity": "sha512-i2tDNA0O5IrMO757lfrdQZCc2jPNDVntV0m/+4whiDfWaTKfMNgR7Qz0NAeGz/nRqF4m5/6CLzbP4/liHt12Ew==",
      "dev": true,
      "bin": {
        "prettier": "bin/prettier.cjs"
      },
      "engines": {
        "node": ">=14"
      },
      "funding": {
        "url": "https://github.com/prettier/prettier?sponsor=1"
      }
    },
    "node_modules/queue-microtask": {
      "version": "1.2.3",
      "resolved": "https://registry.npmjs.org/queue-microtask/-/queue-microtask-1.2.3.tgz",
      "integrity": "sha512-NuaNSa6flKT5JaSYQzJok04JzTL1CA6aGhv5rfLW3PgqA+M2ChpZQnAC8h8i4ZFkBS8X5RqkDBHA7r4hej3K9A==",
      "dev": true,
      "funding": [
        {
          "type": "github",
          "url": "https://github.com/sponsors/feross"
        },
        {
          "type": "patreon",
          "url": "https://www.patreon.com/feross"
        },
        {
          "type": "consulting",
          "url": "https://feross.org/support"
        }
      ]
    },
    "node_modules/reusify": {
      "version": "1.0.4",
      "resolved": "https://registry.npmjs.org/reusify/-/reusify-1.0.4.tgz",
      "integrity": "sha512-U9nH88a3fc/ekCF1l0/UP1IosiuIjyTh7hBvXVMHYgVcfGvt897Xguj2UOLDeI5BG2m7/uwyaLVT6fbtCwTyzw==",
      "dev": true,
      "engines": {
        "iojs": ">=1.0.0",
        "node": ">=0.10.0"
      }
    },
    "node_modules/run-parallel": {
      "version": "1.2.0",
      "resolved": "https://registry.npmjs.org/run-parallel/-/run-parallel-1.2.0.tgz",
      "integrity": "sha512-5l4VyZR86LZ/lDxZTR6jqL8AFE2S0IFLMP26AbjsLVADxHdhB/c0GUsH+y39UfCi3dzz8OlQuPmnaJOMoDHQBA==",
      "dev": true,
      "funding": [
        {
          "type": "github",
          "url": "https://github.com/sponsors/feross"
        },
        {
          "type": "patreon",
          "url": "https://www.patreon.com/feross"
        },
        {
          "type": "consulting",
          "url": "https://feross.org/support"
        }
      ],
      "dependencies": {
        "queue-microtask": "^1.2.2"
      }
    },
    "node_modules/tlds": {
      "version": "1.254.0",
      "resolved": "https://registry.npmjs.org/tlds/-/tlds-1.254.0.tgz",
      "integrity": "sha512-YY4ei7K7gPGifqNSrfMaPdqTqiHcwYKUJ7zhLqQOK2ildlGgti5TSwJiXXN1YqG17I2GYZh5cZqv2r5fwBUM+w==",
      "bin": {
        "tlds": "bin.js"
      }
    },
    "node_modules/to-regex-range": {
      "version": "5.0.1",
      "resolved": "https://registry.npmjs.org/to-regex-range/-/to-regex-range-5.0.1.tgz",
      "integrity": "sha512-65P7iz6X5yEr1cwcgvQxbbIw7Uk3gOy5dIdtZ4rDveLqhrdJP+Li/Hx6tyK0NEb+2GCyneCMJiGqrADCSNk8sQ==",
      "dev": true,
      "dependencies": {
        "is-number": "^7.0.0"
      },
      "engines": {
        "node": ">=8.0"
      }
    },
    "node_modules/ts-morph": {
      "version": "16.0.0",
      "resolved": "https://registry.npmjs.org/ts-morph/-/ts-morph-16.0.0.tgz",
      "integrity": "sha512-jGNF0GVpFj0orFw55LTsQxVYEUOCWBAbR5Ls7fTYE5pQsbW18ssTb/6UXx/GYAEjS+DQTp8VoTw0vqYMiaaQuw==",
      "dev": true,
      "dependencies": {
        "@ts-morph/common": "~0.17.0",
        "code-block-writer": "^11.0.3"
      }
    },
    "node_modules/uint8arrays": {
      "version": "3.0.0",
      "resolved": "https://registry.npmjs.org/uint8arrays/-/uint8arrays-3.0.0.tgz",
      "integrity": "sha512-HRCx0q6O9Bfbp+HHSfQQKD7wU70+lydKVt4EghkdOvlK/NlrF90z+eXV34mUd48rNvVJXwkrMSPpCATkct8fJA==",
      "dependencies": {
        "multiformats": "^9.4.2"
      }
    },
    "node_modules/yesno": {
      "version": "0.4.0",
      "resolved": "https://registry.npmjs.org/yesno/-/yesno-0.4.0.tgz",
      "integrity": "sha512-tdBxmHvbXPBKYIg81bMCB7bVeDmHkRzk5rVJyYYXurwKkHq/MCd8rz4HSJUP7hW0H2NlXiq8IFiWvYKEHhlotA==",
      "dev": true
    },
    "node_modules/zod": {
      "version": "3.23.8",
      "resolved": "https://registry.npmjs.org/zod/-/zod-3.23.8.tgz",
      "integrity": "sha512-XBx9AXhXktjUqnepgTiE5flcKIYWi/rme0Eaj+5Y0lftuGBq+jyRu/md4WnuxqgP1ubdpNCsYEYPxrzVHD8d6g==",
      "funding": {
        "url": "https://github.com/sponsors/colinhacks"
      }
    }
  }
}
